{
  "name": "soundkeep",
  "version": "0.0.0",
  "lockfileVersion": 1,
  "requires": true,
  "dependencies": {
    "@polymer/app-layout": {
      "version": "3.0.0-pre.11",
      "resolved": "https://registry.npmjs.org/@polymer/app-layout/-/app-layout-3.0.0-pre.11.tgz",
      "integrity": "sha512-ZPWhP5/dGIBLvha6+zdRFu9x5DFgbRp/rh3kCzskOGI0O7YTDJ71LDG8hvBqWQ04U+hFKAU5SgcsFMB/0vkAzg==",
      "requires": {
        "@polymer/iron-flex-layout": "3.0.0-pre.11",
        "@polymer/iron-media-query": "3.0.0-pre.11",
        "@polymer/iron-resizable-behavior": "3.0.0-pre.11",
        "@polymer/iron-scroll-target-behavior": "3.0.0-pre.11",
        "@polymer/polymer": "3.0.0-pre.11"
      }
    },
    "@polymer/font-roboto": {
      "version": "3.0.0-pre.11",
      "resolved": "https://registry.npmjs.org/@polymer/font-roboto/-/font-roboto-3.0.0-pre.11.tgz",
      "integrity": "sha512-UnzhZstzEcLkhLS8onTm6CjjFW/JwkLIvSV7avsro4B24IwMxbZEV7E6VOWcx9unRMX7+FdLq+28lZoxnCvw/w=="
    },
    "@polymer/iron-a11y-announcer": {
      "version": "3.0.0-pre.11",
      "resolved": "https://registry.npmjs.org/@polymer/iron-a11y-announcer/-/iron-a11y-announcer-3.0.0-pre.11.tgz",
      "integrity": "sha512-3zpK6JMub82IsaZCpgacuyCgSg8PUjRi0du/e/Ijy9U+LSm0TZMgvagV6siebE6B1S1/IbCQx3H8a0LMl54Byg==",
      "requires": {
        "@polymer/polymer": "3.0.0-pre.11"
      }
    },
    "@polymer/iron-a11y-keys-behavior": {
      "version": "3.0.0-pre.11",
      "resolved": "https://registry.npmjs.org/@polymer/iron-a11y-keys-behavior/-/iron-a11y-keys-behavior-3.0.0-pre.11.tgz",
      "integrity": "sha512-k8KjEOInBu6wbqv9DuNGupZpPTMvJaMYqz9QhpJBYvLxtdfC+RgeCc0SPRuMwEVplX7Ke/QsVHDN/Et3og2oBw==",
      "requires": {
        "@polymer/polymer": "3.0.0-pre.11"
      }
    },
    "@polymer/iron-autogrow-textarea": {
      "version": "3.0.0-pre.11",
      "resolved": "https://registry.npmjs.org/@polymer/iron-autogrow-textarea/-/iron-autogrow-textarea-3.0.0-pre.11.tgz",
      "integrity": "sha512-F52oE2PlaoByb7GsfGFKqOTTSoQcAUjHHHkJdS1Tua5fWNU8GZQrXtgmw4Pt1XwNni6g0M28HT6P0uwx3kb+iw==",
      "requires": {
        "@polymer/iron-behaviors": "3.0.0-pre.11",
        "@polymer/iron-flex-layout": "3.0.0-pre.11",
        "@polymer/iron-validatable-behavior": "3.0.0-pre.11",
        "@polymer/polymer": "3.0.0-pre.11"
      }
    },
    "@polymer/iron-behaviors": {
      "version": "3.0.0-pre.11",
      "resolved": "https://registry.npmjs.org/@polymer/iron-behaviors/-/iron-behaviors-3.0.0-pre.11.tgz",
      "integrity": "sha512-NK5k90KXMX4dPDVEIRuhLjhd4zcTSa2mYgM4DpEtGezl9qVpk23nQrMRHyAISeLDa1F8AQVN2Uui/kWGEqQlmg==",
      "requires": {
        "@polymer/iron-a11y-keys-behavior": "3.0.0-pre.11",
        "@polymer/polymer": "3.0.0-pre.11"
      }
    },
    "@polymer/iron-checked-element-behavior": {
      "version": "3.0.0-pre.11",
      "resolved": "https://registry.npmjs.org/@polymer/iron-checked-element-behavior/-/iron-checked-element-behavior-3.0.0-pre.11.tgz",
      "integrity": "sha512-o0lWDnvyFgHJcnRansTQmIMoE3jjTIxe5mYU6pnQmjzoPa7gonPSVsxjQoMlX6P+jzDmEoGlTGJVPizkH+qz3A==",
      "requires": {
        "@polymer/iron-form-element-behavior": "3.0.0-pre.11",
        "@polymer/iron-validatable-behavior": "3.0.0-pre.11",
        "@polymer/polymer": "3.0.0-pre.11"
      }
    },
    "@polymer/iron-flex-layout": {
      "version": "3.0.0-pre.11",
      "resolved": "https://registry.npmjs.org/@polymer/iron-flex-layout/-/iron-flex-layout-3.0.0-pre.11.tgz",
      "integrity": "sha512-MCrwsE6xgjAFFGAwcW54TOf6LYcn9co37x4sXACUkl/oAzMr+yLEOE4W1bR/fpmUS4PFvHMch6esDtdKeb1ijw==",
      "requires": {
        "@polymer/polymer": "3.0.0-pre.11"
      }
    },
    "@polymer/iron-form-element-behavior": {
      "version": "3.0.0-pre.11",
      "resolved": "https://registry.npmjs.org/@polymer/iron-form-element-behavior/-/iron-form-element-behavior-3.0.0-pre.11.tgz",
      "integrity": "sha512-JxUljKGzgP1bOYHS8ZFI4AqTRBBhyAJb9FRXTcaw8od89e5+CSQNepCkWi179lJl1WtyGJm+mILa/XnCyBb+Bw==",
      "requires": {
        "@polymer/polymer": "3.0.0-pre.11"
      }
    },
    "@polymer/iron-icon": {
      "version": "3.0.0-pre.11",
      "resolved": "https://registry.npmjs.org/@polymer/iron-icon/-/iron-icon-3.0.0-pre.11.tgz",
      "integrity": "sha512-ezanPOVud4BZsEOI874AZJGVUtSyKWpU5GMa4gnV2m0NkjkQgmdDk73tcj3lYPeTCS3+JKncrwkQYfQn7xc1nw==",
      "requires": {
        "@polymer/iron-flex-layout": "3.0.0-pre.11",
        "@polymer/iron-meta": "3.0.0-pre.11",
        "@polymer/polymer": "3.0.0-pre.11"
      }
    },
    "@polymer/iron-icons": {
      "version": "3.0.0-pre.11",
      "resolved": "https://registry.npmjs.org/@polymer/iron-icons/-/iron-icons-3.0.0-pre.11.tgz",
      "integrity": "sha512-sufKSvN3NA1wD75CqV+YzVPVJYrc/HJdasX5qipzDfUYDgQnrlRuGrCiSWKuMo3IvVlmPEe6v5NJewcMSCc6UQ==",
      "requires": {
        "@polymer/iron-icon": "3.0.0-pre.11",
        "@polymer/iron-iconset-svg": "3.0.0-pre.11",
        "@polymer/polymer": "3.0.0-pre.11"
      }
    },
    "@polymer/iron-iconset-svg": {
      "version": "3.0.0-pre.11",
      "resolved": "https://registry.npmjs.org/@polymer/iron-iconset-svg/-/iron-iconset-svg-3.0.0-pre.11.tgz",
      "integrity": "sha512-NSAwHbp3PeNaZnWfJ7MgzaTjSf5l6J5QryIE593liKyVjBu4wrfEvY6vq3lZKsCpx79oyJFP/TXstxXUub9g9A==",
      "requires": {
        "@polymer/iron-meta": "3.0.0-pre.11",
        "@polymer/polymer": "3.0.0-pre.11"
      }
    },
    "@polymer/iron-input": {
      "version": "3.0.0-pre.11",
      "resolved": "https://registry.npmjs.org/@polymer/iron-input/-/iron-input-3.0.0-pre.11.tgz",
      "integrity": "sha512-YzBaSb1WafYHXt4bn/eMAF/mhy2wHA4B6pH7pLPbTv3fTSw90XYmaeoapFr+Jm6uHNCJUQ4rUK6AXaqLRIuNwg==",
      "requires": {
        "@polymer/iron-a11y-announcer": "3.0.0-pre.11",
        "@polymer/iron-validatable-behavior": "3.0.0-pre.11",
        "@polymer/polymer": "3.0.0-pre.11"
      }
    },
    "@polymer/iron-media-query": {
      "version": "3.0.0-pre.11",
      "resolved": "https://registry.npmjs.org/@polymer/iron-media-query/-/iron-media-query-3.0.0-pre.11.tgz",
      "integrity": "sha512-OIGLFlYTV1r4pIQ5Blb0sJS8s85U7iU8tGmtW2E7g8Bd4/MJhuXPLxkMTPeSNVaBizw8HEWihNfQ+tRvrlbZQQ==",
      "requires": {
        "@polymer/polymer": "3.0.0-pre.11"
      }
    },
    "@polymer/iron-menu-behavior": {
      "version": "3.0.0-pre.11",
      "resolved": "https://registry.npmjs.org/@polymer/iron-menu-behavior/-/iron-menu-behavior-3.0.0-pre.11.tgz",
      "integrity": "sha512-3NS24OHB/0c2JUppdLZOpXPFIPARDbQWq7Rz7ub+2xkJZKISL4bSvdYqifPKBGEZvh5eyEsritp8haPNGBwfjQ==",
      "requires": {
        "@polymer/iron-a11y-keys-behavior": "3.0.0-pre.11",
        "@polymer/iron-flex-layout": "3.0.0-pre.11",
        "@polymer/iron-selector": "3.0.0-pre.11",
        "@polymer/polymer": "3.0.0-pre.11"
      }
    },
    "@polymer/iron-meta": {
      "version": "3.0.0-pre.11",
      "resolved": "https://registry.npmjs.org/@polymer/iron-meta/-/iron-meta-3.0.0-pre.11.tgz",
      "integrity": "sha512-Ro6P72bA9Ui4NPdoW7Z5fZMXbCjpZ6IrF32nZRATKlrpMexcd/7ZlW6FWYf4SBgGa1dCYpSQL7p7h9HqI41OzA==",
      "requires": {
        "@polymer/polymer": "3.0.0-pre.11"
      }
    },
    "@polymer/iron-resizable-behavior": {
      "version": "3.0.0-pre.11",
      "resolved": "https://registry.npmjs.org/@polymer/iron-resizable-behavior/-/iron-resizable-behavior-3.0.0-pre.11.tgz",
      "integrity": "sha512-1tG9OfyVZZcKkkFle5gboQVQUAUAC4wNnVQEyXYl30j+gqeESgztBF1dF/V6LHjErbXwWkojPTaka2d8X8IwvQ==",
      "requires": {
        "@polymer/polymer": "3.0.0-pre.11"
      }
    },
    "@polymer/iron-scroll-target-behavior": {
      "version": "3.0.0-pre.11",
      "resolved": "https://registry.npmjs.org/@polymer/iron-scroll-target-behavior/-/iron-scroll-target-behavior-3.0.0-pre.11.tgz",
      "integrity": "sha512-ItS9uu7hp5KcUyu86IaISt1zZWHktsfKmwh0mwwN2RaHUi1US1FQLEKLRTK6x7qG5IfFQeYFus0PfzQtB/bEKQ==",
      "requires": {
        "@polymer/polymer": "3.0.0-pre.11"
      }
    },
    "@polymer/iron-selector": {
      "version": "3.0.0-pre.11",
      "resolved": "https://registry.npmjs.org/@polymer/iron-selector/-/iron-selector-3.0.0-pre.11.tgz",
      "integrity": "sha512-P1EJdCvQWwgTfZ0idbdyAS+Tzl3zvJ7xdFmEEKMeFpeOcthVIDpzX4GODG7yh6XuPIvnCMGsHd6ZWEcvEgB+Cg==",
      "requires": {
        "@polymer/polymer": "3.0.0-pre.11"
      }
    },
    "@polymer/iron-validatable-behavior": {
      "version": "3.0.0-pre.11",
      "resolved": "https://registry.npmjs.org/@polymer/iron-validatable-behavior/-/iron-validatable-behavior-3.0.0-pre.11.tgz",
      "integrity": "sha512-mKWzF9akBaXu8sFcx9LuE1gW91bMwU6uUMBMtPcvLpJ73Ezhv7kK9gA99egeyvFCdb8sk9UMb2N0/vvlDkvCyg==",
      "requires": {
        "@polymer/iron-meta": "3.0.0-pre.11",
        "@polymer/polymer": "3.0.0-pre.11"
      }
    },
    "@polymer/paper-behaviors": {
      "version": "3.0.0-pre.11",
      "resolved": "https://registry.npmjs.org/@polymer/paper-behaviors/-/paper-behaviors-3.0.0-pre.11.tgz",
      "integrity": "sha512-HUen5GX4HrucDjeTY2MK0dTk+d4xMiwrygEcB3FMAGuDVlYXSS2QwhqX3NyPkT53dj+H5NYv1IJjvMZmt51t5g==",
      "requires": {
        "@polymer/iron-behaviors": "3.0.0-pre.11",
        "@polymer/iron-checked-element-behavior": "3.0.0-pre.11",
        "@polymer/paper-ripple": "3.0.0-pre.11",
        "@polymer/polymer": "3.0.0-pre.11"
      }
    },
    "@polymer/paper-button": {
      "version": "3.0.0-pre.11",
      "resolved": "https://registry.npmjs.org/@polymer/paper-button/-/paper-button-3.0.0-pre.11.tgz",
      "integrity": "sha512-wPwjZfXdpQnNj6aCkNH5x3pPaf0SJqW7uDkITXgqkFMK9y6xgRJsms0JUnUOCvKs/66im4Lx3az13snNOpDOdg==",
      "requires": {
        "@polymer/iron-flex-layout": "3.0.0-pre.11",
        "@polymer/paper-behaviors": "3.0.0-pre.11",
        "@polymer/paper-styles": "3.0.0-pre.11",
        "@polymer/polymer": "3.0.0-pre.11"
      }
    },
    "@polymer/paper-checkbox": {
      "version": "3.0.0-pre.11",
      "resolved": "https://registry.npmjs.org/@polymer/paper-checkbox/-/paper-checkbox-3.0.0-pre.11.tgz",
      "integrity": "sha512-EGEDU6Z1DUz4VryZHAdqMwJvdh2N73/unrNLpeR8b/Uf08VWMuqUNp8DuhBI3AoTGQLebVR1G12lRrU04rBeUQ==",
      "requires": {
        "@polymer/iron-a11y-keys-behavior": "3.0.0-pre.11",
        "@polymer/iron-checked-element-behavior": "3.0.0-pre.11",
        "@polymer/paper-behaviors": "3.0.0-pre.11",
        "@polymer/paper-ripple": "3.0.0-pre.11",
        "@polymer/paper-styles": "3.0.0-pre.11",
        "@polymer/polymer": "3.0.0-pre.11"
      }
    },
    "@polymer/paper-icon-button": {
      "version": "3.0.0-pre.11",
      "resolved": "https://registry.npmjs.org/@polymer/paper-icon-button/-/paper-icon-button-3.0.0-pre.11.tgz",
      "integrity": "sha512-FQlhKaiJnRmKbKvzn9uslhRWw0bLsYUWavs9tYyUTVGlDx1dJwZqq9XU6ToKuvgb8fKN4dJTMiWMc2H+BaBykA==",
      "requires": {
        "@polymer/iron-icon": "3.0.0-pre.11",
        "@polymer/paper-behaviors": "3.0.0-pre.11",
        "@polymer/paper-styles": "3.0.0-pre.11",
        "@polymer/polymer": "3.0.0-pre.11"
      }
    },
    "@polymer/paper-input": {
      "version": "3.0.0-pre.11",
      "resolved": "https://registry.npmjs.org/@polymer/paper-input/-/paper-input-3.0.0-pre.11.tgz",
      "integrity": "sha512-c/arcOUiW+3TV95URgDo78YwGkuKMNnEJ5hb4ew4/HFIRnG2/vc4igXWyW0T8O/4P3Bof2bRVxp3GTu4aT2Gkw==",
      "requires": {
        "@polymer/iron-a11y-keys-behavior": "3.0.0-pre.11",
        "@polymer/iron-autogrow-textarea": "3.0.0-pre.11",
        "@polymer/iron-behaviors": "3.0.0-pre.11",
        "@polymer/iron-form-element-behavior": "3.0.0-pre.11",
        "@polymer/iron-input": "3.0.0-pre.11",
        "@polymer/paper-styles": "3.0.0-pre.11",
        "@polymer/polymer": "3.0.0-pre.11"
      }
    },
    "@polymer/paper-ripple": {
      "version": "3.0.0-pre.11",
      "resolved": "https://registry.npmjs.org/@polymer/paper-ripple/-/paper-ripple-3.0.0-pre.11.tgz",
      "integrity": "sha512-U4b2OlGyxVD0EZSnsSOq9CzPCFGIXuUdObKmcJ7KEz+vJZmkyihIGTrweDDo1JwgPaYxFaqpkgR5tsOml2Aj4Q==",
      "requires": {
        "@polymer/iron-a11y-keys-behavior": "3.0.0-pre.11",
        "@polymer/polymer": "3.0.0-pre.11"
      }
    },
    "@polymer/paper-styles": {
      "version": "3.0.0-pre.11",
      "resolved": "https://registry.npmjs.org/@polymer/paper-styles/-/paper-styles-3.0.0-pre.11.tgz",
      "integrity": "sha512-bDuLoJnrmfb/JuI/1eN5gYR10hTVU8LNapcAMP6+SMImiX04o30Q+M/AqfyqH+NqTUtKpXEc85qH0adkQhKnfQ==",
      "requires": {
        "@polymer/font-roboto": "3.0.0-pre.11",
        "@polymer/iron-flex-layout": "3.0.0-pre.11",
        "@polymer/polymer": "3.0.0-pre.11"
      }
    },
    "@polymer/paper-tabs": {
      "version": "3.0.0-pre.11",
      "resolved": "https://registry.npmjs.org/@polymer/paper-tabs/-/paper-tabs-3.0.0-pre.11.tgz",
      "integrity": "sha512-8MUgrcMT0X3mlAQSHPKDOOsyrMUYH6VDyPdyuyrAa2kCYVv15akKaAX/jrQ8noKOkBISE4yHcyKT5wDgGcvv4w==",
      "requires": {
        "@polymer/iron-behaviors": "3.0.0-pre.11",
        "@polymer/iron-flex-layout": "3.0.0-pre.11",
        "@polymer/iron-icon": "3.0.0-pre.11",
        "@polymer/iron-iconset-svg": "3.0.0-pre.11",
        "@polymer/iron-menu-behavior": "3.0.0-pre.11",
        "@polymer/iron-resizable-behavior": "3.0.0-pre.11",
        "@polymer/paper-behaviors": "3.0.0-pre.11",
        "@polymer/paper-icon-button": "3.0.0-pre.11",
        "@polymer/paper-styles": "3.0.0-pre.11",
        "@polymer/polymer": "3.0.0-pre.11"
      }
    },
    "@polymer/polymer": {
      "version": "3.0.0-pre.11",
      "resolved": "https://registry.npmjs.org/@polymer/polymer/-/polymer-3.0.0-pre.11.tgz",
      "integrity": "sha512-lz0+3so+URZqH6IUV9nzlR6akO8jPRauM7EEIMqPx3H6w4Zh7wzoj4Ngbi18Nwpt71l90F4YhuHDGNRQEwhk+w==",
      "requires": {
        "@webcomponents/shadycss": "1.1.1",
        "@webcomponents/webcomponentsjs": "1.1.0"
      }
    },
    "@webcomponents/shadycss": {
      "version": "1.1.1",
      "resolved": "https://registry.npmjs.org/@webcomponents/shadycss/-/shadycss-1.1.1.tgz",
      "integrity": "sha512-7iVMw1HU0e5tTxL1OIqw/RBGmnYuz1HUNd7t1UYq7VmoBOl5Zm4g3spUBSksyd97SiXauFlXAeSpA0/in9k+dw=="
    },
    "@webcomponents/webcomponentsjs": {
      "version": "1.1.0",
      "resolved": "https://registry.npmjs.org/@webcomponents/webcomponentsjs/-/webcomponentsjs-1.1.0.tgz",
      "integrity": "sha512-7toNyVlrl7vJnY3PU0eXIK1KWq8phfnEe1IwOdCMxkIl/BfUkUB2aaVs45R0LSx1qxHRnkqj0vlGtskUvKkNkA=="
    },
    "async": {
      "version": "1.5.2",
      "resolved": "https://registry.npmjs.org/async/-/async-1.5.2.tgz",
      "integrity": "sha1-7GphrlZIDAw8skHJVhjiCJL5Zyo="
    },
    "colors": {
      "version": "1.0.3",
      "resolved": "https://registry.npmjs.org/colors/-/colors-1.0.3.tgz",
      "integrity": "sha1-BDP0TYCWgP3rYO0mDxsMJi6CpAs="
    },
    "corser": {
      "version": "2.0.1",
      "resolved": "https://registry.npmjs.org/corser/-/corser-2.0.1.tgz",
      "integrity": "sha1-jtolLsqrWEDc2XXOuQ2TcMgZ/4c="
    },
    "debug": {
      "version": "2.6.9",
      "resolved": "https://registry.npmjs.org/debug/-/debug-2.6.9.tgz",
      "integrity": "sha512-bC7ElrdJaJnPbAP+1EotYvqZsb3ecl5wi6Bfi6BJTUcNowp6cvspg0jXznRTKDjm/E7AdgFBVeAPVMNcKGsHMA==",
      "requires": {
        "ms": "2.0.0"
      }
    },
    "ecstatic": {
      "version": "3.2.0",
      "resolved": "https://registry.npmjs.org/ecstatic/-/ecstatic-3.2.0.tgz",
      "integrity": "sha512-Goilx/2cfU9vvfQjgtNgc2VmJAD8CasQ6rZDqCd2u4Hsyd/qFET6nBf60jiHodevR3nl3IGzNKtrzPXWP88utQ==",
      "requires": {
        "he": "1.1.1",
        "mime": "1.6.0",
        "minimist": "1.2.0",
        "url-join": "2.0.5"
      }
    },
    "eventemitter3": {
      "version": "1.2.0",
      "resolved": "https://registry.npmjs.org/eventemitter3/-/eventemitter3-1.2.0.tgz",
      "integrity": "sha1-HIaZHYFq0eUEdQ5zh0Ik7PO+xQg="
    },
    "he": {
      "version": "1.1.1",
      "resolved": "https://registry.npmjs.org/he/-/he-1.1.1.tgz",
      "integrity": "sha1-k0EP0hsAlzUVH4howvJx80J+I/0="
    },
    "http-proxy": {
      "version": "1.16.2",
      "resolved": "https://registry.npmjs.org/http-proxy/-/http-proxy-1.16.2.tgz",
      "integrity": "sha1-Bt/ykpUr9k2+hHH6nfcwZtTzd0I=",
      "requires": {
        "eventemitter3": "1.2.0",
        "requires-port": "1.0.0"
      }
    },
    "http-server": {
      "version": "0.11.1",
      "resolved": "https://registry.npmjs.org/http-server/-/http-server-0.11.1.tgz",
      "integrity": "sha512-6JeGDGoujJLmhjiRGlt8yK8Z9Kl0vnl/dQoQZlc4oeqaUoAKQg94NILLfrY3oWzSyFaQCVNTcKE5PZ3cH8VP9w==",
      "requires": {
        "colors": "1.0.3",
        "corser": "2.0.1",
        "ecstatic": "3.2.0",
        "http-proxy": "1.16.2",
        "opener": "1.4.3",
        "optimist": "0.6.1",
        "portfinder": "1.0.13",
        "union": "0.4.6"
      }
    },
    "mime": {
      "version": "1.6.0",
      "resolved": "https://registry.npmjs.org/mime/-/mime-1.6.0.tgz",
      "integrity": "sha512-x0Vn8spI+wuJ1O6S7gnbaQg8Pxh4NNHb7KSINmEWKiPE4RKOplvijn+NkmYmmRgP68mc70j2EbeTFRsrswaQeg=="
    },
    "minimist": {
      "version": "1.2.0",
      "resolved": "https://registry.npmjs.org/minimist/-/minimist-1.2.0.tgz",
      "integrity": "sha1-o1AIsg9BOD7sH7kU9M1d95omQoQ="
    },
    "mkdirp": {
      "version": "0.5.1",
      "resolved": "https://registry.npmjs.org/mkdirp/-/mkdirp-0.5.1.tgz",
      "integrity": "sha1-MAV0OOrGz3+MR2fzhkjWaX11yQM=",
      "requires": {
        "minimist": "0.0.8"
      },
      "dependencies": {
        "minimist": {
          "version": "0.0.8",
          "resolved": "https://registry.npmjs.org/minimist/-/minimist-0.0.8.tgz",
          "integrity": "sha1-hX/Kv8M5fSYluCKCYuhqp6ARsF0="
        }
      }
    },
    "ms": {
      "version": "2.0.0",
      "resolved": "https://registry.npmjs.org/ms/-/ms-2.0.0.tgz",
      "integrity": "sha1-VgiurfwAvmwpAd9fmGF4jeDVl8g="
    },
    "opener": {
      "version": "1.4.3",
      "resolved": "https://registry.npmjs.org/opener/-/opener-1.4.3.tgz",
      "integrity": "sha1-XG2ixdflgx6P+jlklQ+NZnSskLg="
    },
    "optimist": {
      "version": "0.6.1",
      "resolved": "https://registry.npmjs.org/optimist/-/optimist-0.6.1.tgz",
      "integrity": "sha1-2j6nRob6IaGaERwybpDrFaAZZoY=",
      "requires": {
        "minimist": "0.0.10",
        "wordwrap": "0.0.3"
      },
      "dependencies": {
        "minimist": {
          "version": "0.0.10",
          "resolved": "https://registry.npmjs.org/minimist/-/minimist-0.0.10.tgz",
          "integrity": "sha1-3j+YVD2/lggr5IrRoMfNqDYwHc8="
        }
      }
    },
    "portfinder": {
      "version": "1.0.13",
      "resolved": "https://registry.npmjs.org/portfinder/-/portfinder-1.0.13.tgz",
      "integrity": "sha1-uzLs2HwnEErm7kS1o8y/Drsa7ek=",
      "requires": {
        "async": "1.5.2",
        "debug": "2.6.9",
        "mkdirp": "0.5.1"
      }
    },
    "qs": {
      "version": "2.3.3",
      "resolved": "https://registry.npmjs.org/qs/-/qs-2.3.3.tgz",
      "integrity": "sha1-6eha2+ddoLvkyOBHaghikPhjtAQ="
    },
    "requires-port": {
      "version": "1.0.0",
      "resolved": "https://registry.npmjs.org/requires-port/-/requires-port-1.0.0.tgz",
      "integrity": "sha1-kl0mAdOaxIXgkc8NpcbmlNw9yv8="
    },
    "union": {
      "version": "0.4.6",
      "resolved": "https://registry.npmjs.org/union/-/union-0.4.6.tgz",
      "integrity": "sha1-GY+9rrolTniLDvy2MLwR8kopWeA=",
      "requires": {
        "qs": "2.3.3"
      }
    },
    "url-join": {
      "version": "2.0.5",
      "resolved": "https://registry.npmjs.org/url-join/-/url-join-2.0.5.tgz",
      "integrity": "sha1-WvIvGMBSoACkjXuCxenC4v7tpyg="
    },
    "wordwrap": {
      "version": "0.0.3",
      "resolved": "https://registry.npmjs.org/wordwrap/-/wordwrap-0.0.3.tgz",
      "integrity": "sha1-o9XabNXAvAAI03I0u68b7WMFkQc="
    }
  }
}
